
Microsoft Visual Studio Solution File, Format Version 12.00
# Visual Studio Version 17
VisualStudioVersion = 17.9.34701.34
MinimumVisualStudioVersion = 10.0.40219.1
Project("{FAE04EC0-301F-11D3-BF4B-00C04F79EFBC}") = "Apartment.Business", "Apartment.Business\Apartment.Business.csproj", "{F9D4D716-4B4E-4EE5-8F90-0832B7A14D5A}"
EndProject
Project("{FAE04EC0-301F-11D3-BF4B-00C04F79EFBC}") = "Apartment.DAL", "Apartment.DAL\Apartment.DAL.csproj", "{6F00D1D2-DC73-4E69-979E-C31572B27F55}"
EndProject
Project("{FAE04EC0-301F-11D3-BF4B-00C04F79EFBC}") = "Apartment.Data", "Apartment.Data\Apartment.Data.csproj", "{A1CDFD91-47AD-4A3A-A8DC-4258F00F46C8}"
EndProject
Project("{FAE04EC0-301F-11D3-BF4B-00C04F79EFBC}") = "Apartment.UI", "Apartment.UI\Apartment.UI.csproj", "{A2C3D048-5F19-4D57-A95A-DE2033A5CE64}"
EndProject
Global
	GlobalSection(SolutionConfigurationPlatforms) = preSolution
		Debug|Any CPU = Debug|Any CPU
		Release|Any CPU = Release|Any CPU
	EndGlobalSection
	GlobalSection(ProjectConfigurationPlatforms) = postSolution
		{F9D4D716-4B4E-4EE5-8F90-0832B7A14D5A}.Debug|Any CPU.ActiveCfg = Debug|Any CPU
		{F9D4D716-4B4E-4EE5-8F90-0832B7A14D5A}.Debug|Any CPU.Build.0 = Debug|Any CPU
		{F9D4D716-4B4E-4EE5-8F90-0832B7A14D5A}.Release|Any CPU.ActiveCfg = Release|Any CPU
		{F9D4D716-4B4E-4EE5-8F90-0832B7A14D5A}.Release|Any CPU.Build.0 = Release|Any CPU
		{6F00D1D2-DC73-4E69-979E-C31572B27F55}.Debug|Any CPU.ActiveCfg = Debug|Any CPU
		{6F00D1D2-DC73-4E69-979E-C31572B27F55}.Debug|Any CPU.Build.0 = Debug|Any CPU
		{6F00D1D2-DC73-4E69-979E-C31572B27F55}.Release|Any CPU.ActiveCfg = Release|Any CPU
		{6F00D1D2-DC73-4E69-979E-C31572B27F55}.Release|Any CPU.Build.0 = Release|Any CPU
		{A1CDFD91-47AD-4A3A-A8DC-4258F00F46C8}.Debug|Any CPU.ActiveCfg = Debug|Any CPU
		{A1CDFD91-47AD-4A3A-A8DC-4258F00F46C8}.Debug|Any CPU.Build.0 = Debug|Any CPU
		{A1CDFD91-47AD-4A3A-A8DC-4258F00F46C8}.Release|Any CPU.ActiveCfg = Release|Any CPU
		{A1CDFD91-47AD-4A3A-A8DC-4258F00F46C8}.Release|Any CPU.Build.0 = Release|Any CPU
		{A2C3D048-5F19-4D57-A95A-DE2033A5CE64}.Debug|Any CPU.ActiveCfg = Debug|Any CPU
		{A2C3D048-5F19-4D57-A95A-DE2033A5CE64}.Debug|Any CPU.Build.0 = Debug|Any CPU
		{A2C3D048-5F19-4D57-A95A-DE2033A5CE64}.Release|Any CPU.ActiveCfg = Release|Any CPU
		{A2C3D048-5F19-4D57-A95A-DE2033A5CE64}.Release|Any CPU.Build.0 = Release|Any CPU
	EndGlobalSection
	GlobalSection(SolutionProperties) = preSolution
		HideSolutionNode = FALSE
	EndGlobalSection
	GlobalSection(ExtensibilityGlobals) = postSolution
		SolutionGuid = {D4D6DAFF-0CF8-49D7-9730-5DFCFECF36F9}
	EndGlobalSection
EndGlobal
